{
  "name": "AccountBudgetandAlerts",
  "version": "0.1.0",
  "lockfileVersion": 1,
  "requires": true,
  "dependencies": {
    "serverless-stack-termination-protection": {
      "version": "1.0.0",
      "resolved": "https://registry.npmjs.org/serverless-stack-termination-protection/-/serverless-stack-termination-protection-1.0.0.tgz",
      "integrity": "sha512-0IZVACQmYeEwmKVpDMtYVHeaXujbOhs0hLuR8G/J/b4k8mFIFAMjXjm3Ye1De0kfR8b+UDtL+JHFI2siP7zA9g==",
      "dev": true
    }
  }
}
